
Microsoft Visual Studio Solution File, Format Version 12.00
# Visual Studio Version 17
VisualStudioVersion = 17.11.35222.181
MinimumVisualStudioVersion = 10.0.40219.1
Project("{9A19103F-16F7-4668-BE54-9A1E7A4F7556}") = "Week 9 Laboratory Exercise 5", "Week 9 PracExer\Week 9 Laboratory Exercise 5.csproj", "{83C6F0E6-42C2-4F21-A1DB-57905A6CD76D}"
EndProject
Global
	GlobalSection(SolutionConfigurationPlatforms) = preSolution
		Debug|Any CPU = Debug|Any CPU
		Release|Any CPU = Release|Any CPU
	EndGlobalSection
	GlobalSection(ProjectConfigurationPlatforms) = postSolution
		{83C6F0E6-42C2-4F21-A1DB-57905A6CD76D}.Debug|Any CPU.ActiveCfg = Debug|Any CPU
		{83C6F0E6-42C2-4F21-A1DB-57905A6CD76D}.Debug|Any CPU.Build.0 = Debug|Any CPU
		{83C6F0E6-42C2-4F21-A1DB-57905A6CD76D}.Release|Any CPU.ActiveCfg = Release|Any CPU
		{83C6F0E6-42C2-4F21-A1DB-57905A6CD76D}.Release|Any CPU.Build.0 = Release|Any CPU
	EndGlobalSection
	GlobalSection(SolutionProperties) = preSolution
		HideSolutionNode = FALSE
	EndGlobalSection
	GlobalSection(ExtensibilityGlobals) = postSolution
		SolutionGuid = {B64838D6-62D8-4A9D-96E5-02000DCDDE6D}
	EndGlobalSection
EndGlobal
